{
  "name": "wickra-examples-node",
  "version": "0.0.0",
  "lockfileVersion": 3,
  "requires": true,
  "packages": {
    "": {
      "name": "wickra-examples-node",
      "version": "0.0.0",
      "license": "SEE LICENSE IN ../../LICENSE",
      "dependencies": {
        "wickra": "file:../../bindings/node"
      }
    },
    "../../bindings/node": {
      "name": "wickra",
      "version": "1.0.5",
      "license": "MIT OR Apache-2.0",
      "devDependencies": {
        "@napi-rs/cli": "^2.18.0"
      },
      "engines": {
        "node": ">= 20"
      },
      "optionalDependencies": {
        "wickra-darwin-arm64": "1.0.5",
        "wickra-darwin-x64": "1.0.5",
        "wickra-linux-arm64-gnu": "1.0.5",
        "wickra-linux-x64-gnu": "1.0.5",
        "wickra-win32-arm64-msvc": "1.0.5",
        "wickra-win32-x64-msvc": "1.0.5"
      }
    },
    "node_modules/wickra": {
      "resolved": "../../bindings/node",
      "link": true
    }
  }
}
